
Microsoft Visual Studio Solution File, Format Version 12.00
# Visual Studio Version 17
VisualStudioVersion = 17.14.36203.30
MinimumVisualStudioVersion = 10.0.40219.1
Project("{FAE04EC0-301F-11D3-BF4B-00C04F79EFBC}") = "Multiplication_Table", "Multiplication_Table.csproj", "{28ED69F1-13C9-4C22-91E7-741C543D0428}"
EndProject
Global
	GlobalSection(SolutionConfigurationPlatforms) = preSolution
		Debug|Any CPU = Debug|Any CPU
		Release|Any CPU = Release|Any CPU
	EndGlobalSection
	GlobalSection(ProjectConfigurationPlatforms) = postSolution
		{28ED69F1-13C9-4C22-91E7-741C543D0428}.Debug|Any CPU.ActiveCfg = Debug|Any CPU
		{28ED69F1-13C9-4C22-91E7-741C543D0428}.Debug|Any CPU.Build.0 = Debug|Any CPU
		{28ED69F1-13C9-4C22-91E7-741C543D0428}.Release|Any CPU.ActiveCfg = Release|Any CPU
		{28ED69F1-13C9-4C22-91E7-741C543D0428}.Release|Any CPU.Build.0 = Release|Any CPU
	EndGlobalSection
	GlobalSection(SolutionProperties) = preSolution
		HideSolutionNode = FALSE
	EndGlobalSection
	GlobalSection(ExtensibilityGlobals) = postSolution
		SolutionGuid = {AF663E2F-E59F-4933-BB99-1E70A07E0EAF}
	EndGlobalSection
EndGlobal
