
Microsoft Visual Studio Solution File, Format Version 12.00
# Visual Studio Version 17
VisualStudioVersion = 17.14.36203.30
MinimumVisualStudioVersion = 10.0.40219.1
Project("{FAE04EC0-301F-11D3-BF4B-00C04F79EFBC}") = "Pattern_Printing", "Pattern_Printing.csproj", "{7112143B-9D6D-49FE-B707-368BAE6F9469}"
EndProject
Global
	GlobalSection(SolutionConfigurationPlatforms) = preSolution
		Debug|Any CPU = Debug|Any CPU
		Release|Any CPU = Release|Any CPU
	EndGlobalSection
	GlobalSection(ProjectConfigurationPlatforms) = postSolution
		{7112143B-9D6D-49FE-B707-368BAE6F9469}.Debug|Any CPU.ActiveCfg = Debug|Any CPU
		{7112143B-9D6D-49FE-B707-368BAE6F9469}.Debug|Any CPU.Build.0 = Debug|Any CPU
		{7112143B-9D6D-49FE-B707-368BAE6F9469}.Release|Any CPU.ActiveCfg = Release|Any CPU
		{7112143B-9D6D-49FE-B707-368BAE6F9469}.Release|Any CPU.Build.0 = Release|Any CPU
	EndGlobalSection
	GlobalSection(SolutionProperties) = preSolution
		HideSolutionNode = FALSE
	EndGlobalSection
	GlobalSection(ExtensibilityGlobals) = postSolution
		SolutionGuid = {06DD7E8C-C960-4F5B-97A8-67D22C42745E}
	EndGlobalSection
EndGlobal
